{
    "name": "elsa-lang",
    "version": "0.0.1",
    "lockfileVersion": 2,
    "requires": true,
    "packages": {
        "": {
            "name": "elsa-lang",
            "version": "0.0.1",
            "devDependencies": {
                "@types/vscode": "^1.66.0",
                "js-yaml": "^3.12.1"
            },
            "engines": {
                "vscode": "^1.30.0"
            }
        },
        "node_modules/@types/vscode": {
            "version": "1.66.0",
            "resolved": "https://registry.npmjs.org/@types/vscode/-/vscode-1.66.0.tgz",
            "integrity": "sha512-ZfJck4M7nrGasfs4A4YbUoxis3Vu24cETw3DERsNYtDZmYSYtk6ljKexKFKhImO/ZmY6ZMsmegu2FPkXoUFImA==",
            "dev": true
        },
        "node_modules/argparse": {
            "version": "1.0.10",
            "resolved": "https://registry.npmjs.org/argparse/-/argparse-1.0.10.tgz",
            "integrity": "sha512-o5Roy6tNG4SL/FOkCAN6RzjiakZS25RLYFrcMttJqbdd8BWrnA+fGz57iN5Pb06pvBGvl5gQ0B48dJlslXvoTg==",
            "dev": true,
            "dependencies": {
                "sprintf-js": "~1.0.2"
            }
        },
        "node_modules/esprima": {
            "version": "4.0.1",
            "resolved": "https://registry.npmjs.org/esprima/-/esprima-4.0.1.tgz",
            "integrity": "sha512-eGuFFw7Upda+g4p+QHvnW0RyTX/SVeJBDM/gCtMARO0cLuT2HcEKnTPvhjV6aGeqrCB/sbNop0Kszm0jsaWU4A==",
            "dev": true,
            "bin": {
                "esparse": "bin/esparse.js",
                "esvalidate": "bin/esvalidate.js"
            },
            "engines": {
                "node": ">=4"
            }
        },
        "node_modules/js-yaml": {
            "version": "3.12.1",
            "resolved": "https://registry.npmjs.org/js-yaml/-/js-yaml-3.12.1.tgz",
            "integrity": "sha512-um46hB9wNOKlwkHgiuyEVAybXBjwFUV0Z/RaHJblRd9DXltue9FTYvzCr9ErQrK9Adz5MU4gHWVaNUfdmrC8qA==",
            "dev": true,
            "dependencies": {
                "argparse": "^1.0.7",
                "esprima": "^4.0.0"
            },
            "bin": {
                "js-yaml": "bin/js-yaml.js"
            }
        },
        "node_modules/sprintf-js": {
            "version": "1.0.3",
            "resolved": "https://registry.npmjs.org/sprintf-js/-/sprintf-js-1.0.3.tgz",
            "integrity": "sha1-BOaSb2YolTVPPdAVIDYzuFcpfiw=",
            "dev": true
        }
    },
    "dependencies": {
        "@types/vscode": {
            "version": "1.66.0",
            "resolved": "https://registry.npmjs.org/@types/vscode/-/vscode-1.66.0.tgz",
            "integrity": "sha512-ZfJck4M7nrGasfs4A4YbUoxis3Vu24cETw3DERsNYtDZmYSYtk6ljKexKFKhImO/ZmY6ZMsmegu2FPkXoUFImA==",
            "dev": true
        },
        "argparse": {
            "version": "1.0.10",
            "resolved": "https://registry.npmjs.org/argparse/-/argparse-1.0.10.tgz",
            "integrity": "sha512-o5Roy6tNG4SL/FOkCAN6RzjiakZS25RLYFrcMttJqbdd8BWrnA+fGz57iN5Pb06pvBGvl5gQ0B48dJlslXvoTg==",
            "dev": true,
            "requires": {
                "sprintf-js": "~1.0.2"
            }
        },
        "esprima": {
            "version": "4.0.1",
            "resolved": "https://registry.npmjs.org/esprima/-/esprima-4.0.1.tgz",
            "integrity": "sha512-eGuFFw7Upda+g4p+QHvnW0RyTX/SVeJBDM/gCtMARO0cLuT2HcEKnTPvhjV6aGeqrCB/sbNop0Kszm0jsaWU4A==",
            "dev": true
        },
        "js-yaml": {
            "version": "3.12.1",
            "resolved": "https://registry.npmjs.org/js-yaml/-/js-yaml-3.12.1.tgz",
            "integrity": "sha512-um46hB9wNOKlwkHgiuyEVAybXBjwFUV0Z/RaHJblRd9DXltue9FTYvzCr9ErQrK9Adz5MU4gHWVaNUfdmrC8qA==",
            "dev": true,
            "requires": {
                "argparse": "^1.0.7",
                "esprima": "^4.0.0"
            }
        },
        "sprintf-js": {
            "version": "1.0.3",
            "resolved": "https://registry.npmjs.org/sprintf-js/-/sprintf-js-1.0.3.tgz",
            "integrity": "sha1-BOaSb2YolTVPPdAVIDYzuFcpfiw=",
            "dev": true
        }
    }
}
